// !$*UTF8*$!
{
	archiveVersion = 1;
	classes = {
	};
	objectVersion = 48;
	objects = {

/* Begin PBXBuildFile section */
		425E07406904608FFC02EDC7 /* Pods_PhotoSyncAssistant.framework in Frameworks */ = {isa = PBXBuildFile; fileRef = 140C703E2CF825F3AE5F7A71 /* Pods_PhotoSyncAssistant.framework */; };
		619419BD1FA1D285007C5CA3 /* AppDelegate.swift in Sources */ = {isa = PBXBuildFile; fileRef = 619419BC1FA1D285007C5CA3 /* AppDelegate.swift */; };
		619419BF1FA1D285007C5CA3 /* ViewController.swift in Sources */ = {isa = PBXBuildFile; fileRef = 619419BE1FA1D285007C5CA3 /* ViewController.swift */; };
		619419C21FA1D285007C5CA3 /* Main.storyboard in Resources */ = {isa = PBXBuildFile; fileRef = 619419C01FA1D285007C5CA3 /* Main.storyboard */; };
		619419C41FA1D285007C5CA3 /* Assets.xcassets in Resources */ = {isa = PBXBuildFile; fileRef = 619419C31FA1D285007C5CA3 /* Assets.xcassets */; };
		619419C71FA1D285007C5CA3 /* LaunchScreen.storyboard in Resources */ = {isa = PBXBuildFile; fileRef = 619419C51FA1D285007C5CA3 /* LaunchScreen.storyboard */; };
		61CC09291FB0643B00831603 /* TYPhotoDetailViewController.swift in Sources */ = {isa = PBXBuildFile; fileRef = 61CC09281FB0643B00831603 /* TYPhotoDetailViewController.swift */; };
/* End PBXBuildFile section */

/* Begin PBXFileReference section */
		140C703E2CF825F3AE5F7A71 /* Pods_PhotoSyncAssistant.framework */ = {isa = PBXFileReference; explicitFileType = wrapper.framework; includeInIndex = 0; path = Pods_PhotoSyncAssistant.framework; sourceTree = BUILT_PRODUCTS_DIR; };
		1C676D3BABAF5B7D5CCEF795 /* Pods-PhotoSyncAssistant.debug.xcconfig */ = {isa = PBXFileReference; includeInIndex = 1; lastKnownFileType = text.xcconfig; name = "Pods-PhotoSyncAssistant.debug.xcconfig"; path = "Pods/Target Support Files/Pods-PhotoSyncAssistant/Pods-PhotoSyncAssistant.debug.xcconfig"; sourceTree = "<group>"; };
		619419B91FA1D285007C5CA3 /* PhotoSyncAssistant.app */ = {isa = PBXFileReference; explicitFileType = wrapper.application; includeInIndex = 0; path = PhotoSyncAssistant.app; sourceTree = BUILT_PRODUCTS_DIR; };
		619419BC1FA1D285007C5CA3 /* AppDelegate.swift */ = {isa = PBXFileReference; lastKnownFileType = sourcecode.swift; path = AppDelegate.swift; sourceTree = "<group>"; };
		619419BE1FA1D285007C5CA3 /* ViewController.swift */ = {isa = PBXFileReference; lastKnownFileType = sourcecode.swift; path = ViewController.swift; sourceTree = "<group>"; };
		619419C11FA1D285007C5CA3 /* Base */ = {isa = PBXFileReference; lastKnownFileType = file.storyboard; name = Base; path = Base.lproj/Main.storyboard; sourceTree = "<group>"; };
		619419C31FA1D285007C5CA3 /* Assets.xcassets */ = {isa = PBXFileReference; lastKnownFileType = folder.assetcatalog; path = Assets.xcassets; sourceTree = "<group>"; };
		619419C61FA1D285007C5CA3 /* Base */ = {isa = PBXFileReference; lastKnownFileType = file.storyboard; name = Base; path = Base.lproj/LaunchScreen.storyboard; sourceTree = "<group>"; };
		619419C81FA1D285007C5CA3 /* Info.plist */ = {isa = PBXFileReference; lastKnownFileType = text.plist.xml; path = Info.plist; sourceTree = "<group>"; };
		61CC09281FB0643B00831603 /* TYPhotoDetailViewController.swift */ = {isa = PBXFileReference; lastKnownFileType = sourcecode.swift; path = TYPhotoDetailViewController.swift; sourceTree = "<group>"; };
		84AF7546E9BA939F0904BECB /* Pods-PhotoSyncAssistant.release.xcconfig */ = {isa = PBXFileReference; includeInIndex = 1; lastKnownFileType = text.xcconfig; name = "Pods-PhotoSyncAssistant.release.xcconfig"; path = "Pods/Target Support Files/Pods-PhotoSyncAssistant/Pods-PhotoSyncAssistant.release.xcconfig"; sourceTree = "<group>"; };
/* End PBXFileReference section */

/* Begin PBXFrameworksBuildPhase section */
		619419B61FA1D285007C5CA3 /* Frameworks */ = {
			isa = PBXFrameworksBuildPhase;
			buildActionMask = 2147483647;
			files = (
				425E07406904608FFC02EDC7 /* Pods_PhotoSyncAssistant.framework in Frameworks */,
			);
			runOnlyForDeploymentPostprocessing = 0;
		};
/* End PBXFrameworksBuildPhase section */

/* Begin PBXGroup section */
		02103393BC2D2DE98E1333CB /* Frameworks */ = {
			isa = PBXGroup;
			children = (
				140C703E2CF825F3AE5F7A71 /* Pods_PhotoSyncAssistant.framework */,
			);
			name = Frameworks;
			sourceTree = "<group>";
		};
		0F28E97CD30C421E5D660E1A /* Pods */ = {
			isa = PBXGroup;
			children = (
				1C676D3BABAF5B7D5CCEF795 /* Pods-PhotoSyncAssistant.debug.xcconfig */,
				84AF7546E9BA939F0904BECB /* Pods-PhotoSyncAssistant.release.xcconfig */,
			);
			name = Pods;
			sourceTree = "<group>";
		};
		619419B01FA1D285007C5CA3 = {
			isa = PBXGroup;
			children = (
				619419BB1FA1D285007C5CA3 /* PhotoSyncAssistant */,
				619419BA1FA1D285007C5CA3 /* Products */,
				0F28E97CD30C421E5D660E1A /* Pods */,
				02103393BC2D2DE98E1333CB /* Frameworks */,
			);
			sourceTree = "<group>";
		};
		619419BA1FA1D285007C5CA3 /* Products */ = {
			isa = PBXGroup;
			children = (
				619419B91FA1D285007C5CA3 /* PhotoSyncAssistant.app */,
			);
			name = Products;
			sourceTree = "<group>";
		};
		619419BB1FA1D285007C5CA3 /* PhotoSyncAssistant */ = {
			isa = PBXGroup;
			children = (
				61CC09271FB0641300831603 /* ViewController */,
				619419BC1FA1D285007C5CA3 /* AppDelegate.swift */,
				619419BE1FA1D285007C5CA3 /* ViewController.swift */,
				619419C01FA1D285007C5CA3 /* Main.storyboard */,
				619419C31FA1D285007C5CA3 /* Assets.xcassets */,
				619419C51FA1D285007C5CA3 /* LaunchScreen.storyboard */,
				619419C81FA1D285007C5CA3 /* Info.plist */,
			);
			path = PhotoSyncAssistant;
			sourceTree = "<group>";
		};
		61CC09271FB0641300831603 /* ViewController */ = {
			isa = PBXGroup;
			children = (
				61CC09281FB0643B00831603 /* TYPhotoDetailViewController.swift */,
			);
			path = ViewController;
			sourceTree = "<group>";
		};
/* End PBXGroup section */

/* Begin PBXNativeTarget section */
		619419B81FA1D285007C5CA3 /* PhotoSyncAssistant */ = {
			isa = PBXNativeTarget;
			buildConfigurationList = 619419CB1FA1D285007C5CA3 /* Build configuration list for PBXNativeTarget "PhotoSyncAssistant" */;
			buildPhases = (
				0C77A24B5DE1B5BC2C16E4E0 /* [CP] Check Pods Manifest.lock */,
				619419B51FA1D285007C5CA3 /* Sources */,
				619419B61FA1D285007C5CA3 /* Frameworks */,
				619419B71FA1D285007C5CA3 /* Resources */,
				82D95A2DF8E23B83E6A23A87 /* [CP] Embed Pods Frameworks */,
				CC71EE626F263F4C55726BB8 /* [CP] Copy Pods Resources */,
			);
			buildRules = (
			);
			dependencies = (
			);
			name = PhotoSyncAssistant;
			productName = PhotoSyncAssistant;
			productReference = 619419B91FA1D285007C5CA3 /* PhotoSyncAssistant.app */;
			productType = "com.apple.product-type.application";
		};
/* End PBXNativeTarget section */

/* Begin PBXProject section */
		619419B11FA1D285007C5CA3 /* Project object */ = {
			isa = PBXProject;
			attributes = {
				LastSwiftUpdateCheck = 0900;
				LastUpgradeCheck = 0900;
				ORGANIZATIONNAME = fengtianyu;
				TargetAttributes = {
					619419B81FA1D285007C5CA3 = {
						CreatedOnToolsVersion = 9.0;
						ProvisioningStyle = Automatic;
					};
				};
			};
			buildConfigurationList = 619419B41FA1D285007C5CA3 /* Build configuration list for PBXProject "PhotoSyncAssistant" */;
			compatibilityVersion = "Xcode 8.0";
			developmentRegion = en;
			hasScannedForEncodings = 0;
			knownRegions = (
				en,
				Base,
			);
			mainGroup = 619419B01FA1D285007C5CA3;
			productRefGroup = 619419BA1FA1D285007C5CA3 /* Products */;
			projectDirPath = "";
			projectRoot = "";
			targets = (
				619419B81FA1D285007C5CA3 /* PhotoSyncAssistant */,
			);
		};
/* End PBXProject section */

/* Begin PBXResourcesBuildPhase section */
		619419B71FA1D285007C5CA3 /* Resources */ = {
			isa = PBXResourcesBuildPhase;
			buildActionMask = 2147483647;
			files = (
				619419C71FA1D285007C5CA3 /* LaunchScreen.storyboard in Resources */,
				619419C41FA1D285007C5CA3 /* Assets.xcassets in Resources */,
				619419C21FA1D285007C5CA3 /* Main.storyboard in Resources */,
			);
			runOnlyForDeploymentPostprocessing = 0;
		};
/* End PBXResourcesBuildPhase section */

/* Begin PBXShellScriptBuildPhase section */
		0C77A24B5DE1B5BC2C16E4E0 /* [CP] Check Pods Manifest.lock */ = {
			isa = PBXShellScriptBuildPhase;
			buildActionMask = 2147483647;
			files = (
			);
			inputPaths = (
			);
			name = "[CP] Check Pods Manifest.lock";
			outputPaths = (
			);
			runOnlyForDeploymentPostprocessing = 0;
			shellPath = /bin/sh;
			shellScript = "diff \"${PODS_PODFILE_DIR_PATH}/Podfile.lock\" \"${PODS_ROOT}/Manifest.lock\" > /dev/null\nif [ $? != 0 ] ; then\n    # print error to STDERR\n    echo \"error: The sandbox is not in sync with the Podfile.lock. Run 'pod install' or update your CocoaPods installation.\" >&2\n    exit 1\nfi\n";
			showEnvVarsInLog = 0;
		};
		82D95A2DF8E23B83E6A23A87 /* [CP] Embed Pods Frameworks */ = {
			isa = PBXShellScriptBuildPhase;
			buildActionMask = 2147483647;
			files = (
			);
			inputPaths = (
			);
			name = "[CP] Embed Pods Frameworks";
			outputPaths = (
			);
			runOnlyForDeploymentPostprocessing = 0;
			shellPath = /bin/sh;
			shellScript = "\"${SRCROOT}/Pods/Target Support Files/Pods-PhotoSyncAssistant/Pods-PhotoSyncAssistant-frameworks.sh\"\n";
			showEnvVarsInLog = 0;
		};
		CC71EE626F263F4C55726BB8 /* [CP] Copy Pods Resources */ = {
			isa = PBXShellScriptBuildPhase;
			buildActionMask = 2147483647;
			files = (
			);
			inputPaths = (
			);
			name = "[CP] Copy Pods Resources";
			outputPaths = (
			);
			runOnlyForDeploymentPostprocessing = 0;
			shellPath = /bin/sh;
			shellScript = "\"${SRCROOT}/Pods/Target Support Files/Pods-PhotoSyncAssistant/Pods-PhotoSyncAssistant-resources.sh\"\n";
			showEnvVarsInLog = 0;
		};
/* End PBXShellScriptBuildPhase section */

/* Begin PBXSourcesBuildPhase section */
		619419B51FA1D285007C5CA3 /* Sources */ = {
			isa = PBXSourcesBuildPhase;
			buildActionMask = 2147483647;
			files = (
				619419BF1FA1D285007C5CA3 /* ViewController.swift in Sources */,
				619419BD1FA1D285007C5CA3 /* AppDelegate.swift in Sources */,
				61CC09291FB0643B00831603 /* TYPhotoDetailViewController.swift in Sources */,
			);
			runOnlyForDeploymentPostprocessing = 0;
		};
/* End PBXSourcesBuildPhase section */

/* Begin PBXVariantGroup section */
		619419C01FA1D285007C5CA3 /* Main.storyboard */ = {
			isa = PBXVariantGroup;
			children = (
				619419C11FA1D285007C5CA3 /* Base */,
			);
			name = Main.storyboard;
			sourceTree = "<group>";
		};
		619419C51FA1D285007C5CA3 /* LaunchScreen.storyboard */ = {
			isa = PBXVariantGroup;
			children = (
				619419C61FA1D285007C5CA3 /* Base */,
			);
			name = LaunchScreen.storyboard;
			sourceTree = "<group>";
		};
/* End PBXVariantGroup section */

/* Begin XCBuildConfiguration section */
		619419C91FA1D285007C5CA3 /* Debug */ = {
			isa = XCBuildConfiguration;
			buildSettings = {
				ALWAYS_SEARCH_USER_PATHS = NO;
				CLANG_ANALYZER_NONNULL = YES;
				CLANG_ANALYZER_NUMBER_OBJECT_CONVERSION = YES_AGGRESSIVE;
				CLANG_CXX_LANGUAGE_STANDARD = "gnu++14";
				CLANG_CXX_LIBRARY = "libc++";
				CLANG_ENABLE_MODULES = YES;
				CLANG_ENABLE_OBJC_ARC = YES;
				CLANG_WARN_BLOCK_CAPTURE_AUTORELEASING = YES;
				CLANG_WARN_BOOL_CONVERSION = YES;
				CLANG_WARN_COMMA = YES;
				CLANG_WARN_CONSTANT_CONVERSION = YES;
				CLANG_WARN_DIRECT_OBJC_ISA_USAGE = YES_ERROR;
				CLANG_WARN_DOCUMENTATION_COMMENTS = YES;
				CLANG_WARN_EMPTY_BODY = YES;
				CLANG_WARN_ENUM_CONVERSION = YES;
				CLANG_WARN_INFINITE_RECURSION = YES;
				CLANG_WARN_INT_CONVERSION = YES;
				CLANG_WARN_NON_LITERAL_NULL_CONVERSION = YES;
				CLANG_WARN_OBJC_LITERAL_CONVERSION = YES;
				CLANG_WARN_OBJC_ROOT_CLASS = YES_ERROR;
				CLANG_WARN_RANGE_LOOP_ANALYSIS = YES;
				CLANG_WARN_STRICT_PROTOTYPES = YES;
				CLANG_WARN_SUSPICIOUS_MOVE = YES;
				CLANG_WARN_UNGUARDED_AVAILABILITY = YES_AGGRESSIVE;
				CLANG_WARN_UNREACHABLE_CODE = YES;
				CLANG_WARN__DUPLICATE_METHOD_MATCH = YES;
				CODE_SIGN_IDENTITY = "iPhone Developer";
				COPY_PHASE_STRIP = NO;
				DEBUG_INFORMATION_FORMAT = dwarf;
				ENABLE_STRICT_OBJC_MSGSEND = YES;
				ENABLE_TESTABILITY = YES;
				GCC_C_LANGUAGE_STANDARD = gnu11;
				GCC_DYNAMIC_NO_PIC = NO;
				GCC_NO_COMMON_BLOCKS = YES;
				GCC_OPTIMIZATION_LEVEL = 0;
				GCC_PREPROCESSOR_DEFINITIONS = (
					"DEBUG=1",
					"$(inherited)",
				);
				GCC_WARN_64_TO_32_BIT_CONVERSION = YES;
				GCC_WARN_ABOUT_RETURN_TYPE = YES_ERROR;
				GCC_WARN_UNDECLARED_SELECTOR = YES;
				GCC_WARN_UNINITIALIZED_AUTOS = YES_AGGRESSIVE;
				GCC_WARN_UNUSED_FUNCTION = YES;
				GCC_WARN_UNUSED_VARIABLE = YES;
				IPHONEOS_DEPLOYMENT_TARGET = 11.0;
				MTL_ENABLE_DEBUG_INFO = YES;
				ONLY_ACTIVE_ARCH = YES;
				SDKROOT = iphoneos;
				SWIFT_ACTIVE_COMPILATION_CONDITIONS = DEBUG;
				SWIFT_OPTIMIZATION_LEVEL = "-Onone";
			};
			name = Debug;
		};
		619419CA1FA1D285007C5CA3 /* Release */ = {
			isa = XCBuildConfiguration;
			buildSettings = {
				ALWAYS_SEARCH_USER_PATHS = NO;
				CLANG_ANALYZER_NONNULL = YES;
				CLANG_ANALYZER_NUMBER_OBJECT_CONVERSION = YES_AGGRESSIVE;
				CLANG_CXX_LANGUAGE_STANDARD = "gnu++14";
				CLANG_CXX_LIBRARY = "libc++";
				CLANG_ENABLE_MODULES = YES;
				CLANG_ENABLE_OBJC_ARC = YES;
				CLANG_WARN_BLOCK_CAPTURE_AUTORELEASING = YES;
				CLANG_WARN_BOOL_CONVERSION = YES;
				CLANG_WARN_COMMA = YES;
				CLANG_WARN_CONSTANT_CONVERSION = YES;
				CLANG_WARN_DIRECT_OBJC_ISA_USAGE = YES_ERROR;
				CLANG_WARN_DOCUMENTATION_COMMENTS = YES;
				CLANG_WARN_EMPTY_BODY = YES;
				CLANG_WARN_ENUM_CONVERSION = YES;
				CLANG_WARN_INFINITE_RECURSION = YES;
				CLANG_WARN_INT_CONVERSION = YES;
				CLANG_WARN_NON_LITERAL_NULL_CONVERSION = YES;
				CLANG_WARN_OBJC_LITERAL_CONVERSION = YES;
				CLANG_WARN_OBJC_ROOT_CLASS = YES_ERROR;
				CLANG_WARN_RANGE_LOOP_ANALYSIS = YES;
				CLANG_WARN_STRICT_PROTOTYPES = YES;
				CLANG_WARN_SUSPICIOUS_MOVE = YES;
				CLANG_WARN_UNGUARDED_AVAILABILITY = YES_AGGRESSIVE;
				CLANG_WARN_UNREACHABLE_CODE = YES;
				CLANG_WARN__DUPLICATE_METHOD_MATCH = YES;
				CODE_SIGN_IDENTITY = "iPhone Developer";
				COPY_PHASE_STRIP = NO;
				DEBUG_INFORMATION_FORMAT = "dwarf-with-dsym";
				ENABLE_NS_ASSERTIONS = NO;
				ENABLE_STRICT_OBJC_MSGSEND = YES;
				GCC_C_LANGUAGE_STANDARD = gnu11;
				GCC_NO_COMMON_BLOCKS = YES;
				GCC_WARN_64_TO_32_BIT_CONVERSION = YES;
				GCC_WARN_ABOUT_RETURN_TYPE = YES_ERROR;
				GCC_WARN_UNDECLARED_SELECTOR = YES;
				GCC_WARN_UNINITIALIZED_AUTOS = YES_AGGRESSIVE;
				GCC_WARN_UNUSED_FUNCTION = YES;
				GCC_WARN_UNUSED_VARIABLE = YES;
				IPHONEOS_DEPLOYMENT_TARGET = 11.0;
				MTL_ENABLE_DEBUG_INFO = NO;
				SDKROOT = iphoneos;
				SWIFT_OPTIMIZATION_LEVEL = "-Owholemodule";
				VALIDATE_PRODUCT = YES;
			};
			name = Release;
		};
		619419CC1FA1D285007C5CA3 /* Debug */ = {
			isa = XCBuildConfiguration;
			baseConfigurationReference = 1C676D3BABAF5B7D5CCEF795 /* Pods-PhotoSyncAssistant.debug.xcconfig */;
			buildSettings = {
				ASSETCATALOG_COMPILER_APPICON_NAME = AppIcon;
				CODE_SIGN_STYLE = Automatic;
				DEVELOPMENT_TEAM = 8TCLU34FZ7;
				INFOPLIST_FILE = PhotoSyncAssistant/Info.plist;
				IPHONEOS_DEPLOYMENT_TARGET = 10.0;
				LD_RUNPATH_SEARCH_PATHS = "$(inherited) @executable_path/Frameworks";
				PRODUCT_BUNDLE_IDENTIFIER = fty.cn.123;
				PRODUCT_NAME = "$(TARGET_NAME)";
				SWIFT_VERSION = 4.0;
				TARGETED_DEVICE_FAMILY = "1,2";
			};
			name = Debug;
		};
		619419CD1FA1D285007C5CA3 /* Release */ = {
			isa = XCBuildConfiguration;
			baseConfigurationReference = 84AF7546E9BA939F0904BECB /* Pods-PhotoSyncAssistant.release.xcconfig */;
			buildSettings = {
				ASSETCATALOG_COMPILER_APPICON_NAME = AppIcon;
				CODE_SIGN_STYLE = Automatic;
				DEVELOPMENT_TEAM = 8TCLU34FZ7;
				INFOPLIST_FILE = PhotoSyncAssistant/Info.plist;
				IPHONEOS_DEPLOYMENT_TARGET = 10.0;
				LD_RUNPATH_SEARCH_PATHS = "$(inherited) @executable_path/Frameworks";
				PRODUCT_BUNDLE_IDENTIFIER = fty.cn.123;
				PRODUCT_NAME = "$(TARGET_NAME)";
				SWIFT_VERSION = 4.0;
				TARGETED_DEVICE_FAMILY = "1,2";
			};
			name = Release;
		};
/* End XCBuildConfiguration section */

/* Begin XCConfigurationList section */
		619419B41FA1D285007C5CA3 /* Build configuration list for PBXProject "PhotoSyncAssistant" */ = {
			isa = XCConfigurationList;
			buildConfigurations = (
				619419C91FA1D285007C5CA3 /* Debug */,
				619419CA1FA1D285007C5CA3 /* Release */,
			);
			defaultConfigurationIsVisible = 0;
			defaultConfigurationName = Release;
		};
		619419CB1FA1D285007C5CA3 /* Build configuration list for PBXNativeTarget "PhotoSyncAssistant" */ = {
			isa = XCConfigurationList;
			buildConfigurations = (
				619419CC1FA1D285007C5CA3 /* Debug */,
				619419CD1FA1D285007C5CA3 /* Release */,
			);
			defaultConfigurationIsVisible = 0;
			defaultConfigurationName = Release;
		};
/* End XCConfigurationList section */
	};
	rootObject = 619419B11FA1D285007C5CA3 /* Project object */;
}
